{
  "name": "tp_docker_node",
  "version": "1.0.0",
  "lockfileVersion": 3,
  "requires": true,
  "packages": {
    "": {
      "name": "tp_docker_node",
      "version": "1.0.0",
      "license": "ISC",
      "dependencies": {
        "dotenv": "^16.4.5",
        "helmet": "^7.1.0"
      }
    },
    "node_modules/dotenv": {
      "version": "16.4.5",
      "resolved": "https://registry.npmjs.org/dotenv/-/dotenv-16.4.5.tgz",
      "integrity": "sha512-ZmdL2rui+eB2YwhsWzjInR8LldtZHGDoQ1ugH85ppHKwpUHL7j7rN0Ti9NCnGiQbhaZ11FpR+7ao1dNsmduNUg==",
      "engines": {
        "node": ">=12"
      },
      "funding": {
        "url": "https://dotenvx.com"
      }
    },
    "node_modules/helmet": {
      "version": "7.1.0",
      "resolved": "https://registry.npmjs.org/helmet/-/helmet-7.1.0.tgz",
      "integrity": "sha512-g+HZqgfbpXdCkme/Cd/mZkV0aV3BZZZSugecH03kl38m/Kmdx8jKjBikpDj2cr+Iynv4KpYEviojNdTJActJAg==",
      "engines": {
        "node": ">=16.0.0"
      }
    }
  }
}
